// !$*UTF8*$!
{
	archiveVersion = 1;
	classes = {
	};
	objectVersion = 46;
	objects = {

/* Begin PBXBuildFile section */
		D74FFB57175F652E003233C4 /* AppIcon.icns in Resources */ = {isa = PBXBuildFile; fileRef = D74FFB56175F652E003233C4 /* AppIcon.icns */; };
		D74FFB5D175F7226003233C4 /* SpellCheckerProcess.pdf in Resources */ = {isa = PBXBuildFile; fileRef = D74FFB5C175F7226003233C4 /* SpellCheckerProcess.pdf */; };
		D74FFB5F175F7A2C003233C4 /* SpellCheckerWindowController.rb in Resources */ = {isa = PBXBuildFile; fileRef = D74FFB5E175F7A2C003233C4 /* SpellCheckerWindowController.rb */; };
		D74FFB61175F8127003233C4 /* SpellCheckerProcessAlternate.pdf in Resources */ = {isa = PBXBuildFile; fileRef = D74FFB60175F8127003233C4 /* SpellCheckerProcessAlternate.pdf */; };
		D7DFC685175749990081B1C4 /* Cocoa.framework in Frameworks */ = {isa = PBXBuildFile; fileRef = D7DFC684175749990081B1C4 /* Cocoa.framework */; };
		D7DFC687175749990081B1C4 /* MacRuby.framework in Frameworks */ = {isa = PBXBuildFile; fileRef = D7DFC686175749990081B1C4 /* MacRuby.framework */; };
		D7DFC690175749990081B1C4 /* InfoPlist.strings in Resources */ = {isa = PBXBuildFile; fileRef = D7DFC68E175749990081B1C4 /* InfoPlist.strings */; };
		D7DFC692175749990081B1C4 /* main.m in Sources */ = {isa = PBXBuildFile; fileRef = D7DFC691175749990081B1C4 /* main.m */; };
		D7DFC697175749990081B1C4 /* MainMenu.xib in Resources */ = {isa = PBXBuildFile; fileRef = D7DFC695175749990081B1C4 /* MainMenu.xib */; };
		D7DFC69A175749990081B1C4 /* rb_main.rb in Resources */ = {isa = PBXBuildFile; fileRef = D7DFC699175749990081B1C4 /* rb_main.rb */; };
		D7DFC69C175749990081B1C4 /* AppDelegate.rb in Resources */ = {isa = PBXBuildFile; fileRef = D7DFC69B175749990081B1C4 /* AppDelegate.rb */; };
		D7DFC6AA1757795F0081B1C4 /* ReadingController.rb in Resources */ = {isa = PBXBuildFile; fileRef = D7DFC6A91757795F0081B1C4 /* ReadingController.rb */; };
		D7DFC6B21758A5180081B1C4 /* StatusBarIcon.pdf in Resources */ = {isa = PBXBuildFile; fileRef = D7DFC6B11758A5180081B1C4 /* StatusBarIcon.pdf */; };
		D7DFC6B41758AAB30081B1C4 /* StatusBarIcon-Alternate.pdf in Resources */ = {isa = PBXBuildFile; fileRef = D7DFC6B31758AAB30081B1C4 /* StatusBarIcon-Alternate.pdf */; };
		D7DFC6B81758CD470081B1C4 /* PreferencesViewController.rb in Resources */ = {isa = PBXBuildFile; fileRef = D7DFC6B71758CD470081B1C4 /* PreferencesViewController.rb */; };
		D7DFC6BA175C8D800081B1C4 /* PopupCloseButton.pdf in Resources */ = {isa = PBXBuildFile; fileRef = D7DFC6B9175C8D800081B1C4 /* PopupCloseButton.pdf */; };
		D7DFC6CA175C98200081B1C4 /* MASShortcut.m in Sources */ = {isa = PBXBuildFile; fileRef = D7DFC6BF175C98200081B1C4 /* MASShortcut.m */; };
		D7DFC6CB175C98200081B1C4 /* MASShortcut+Monitoring.m in Sources */ = {isa = PBXBuildFile; fileRef = D7DFC6C1175C98200081B1C4 /* MASShortcut+Monitoring.m */; };
		D7DFC6CC175C98200081B1C4 /* MASShortcut+UserDefaults.m in Sources */ = {isa = PBXBuildFile; fileRef = D7DFC6C3175C98200081B1C4 /* MASShortcut+UserDefaults.m */; };
		D7DFC6CD175C98200081B1C4 /* MASShortcutView.m in Sources */ = {isa = PBXBuildFile; fileRef = D7DFC6C5175C98200081B1C4 /* MASShortcutView.m */; };
		D7DFC6CE175C98200081B1C4 /* MASShortcutView+UserDefaults.m in Sources */ = {isa = PBXBuildFile; fileRef = D7DFC6C7175C98200081B1C4 /* MASShortcutView+UserDefaults.m */; };
		D7DFC6CF175C98200081B1C4 /* README.md in Resources */ = {isa = PBXBuildFile; fileRef = D7DFC6C8175C98200081B1C4 /* README.md */; };
		D7DFC6D1175CB38E0081B1C4 /* Carbon.framework in Frameworks */ = {isa = PBXBuildFile; fileRef = D7DFC6D0175CB38E0081B1C4 /* Carbon.framework */; };
		D7DFC6D6175E13A80081B1C4 /* ReadingControllerHelper.m in Sources */ = {isa = PBXBuildFile; fileRef = D7DFC6D5175E13A80081B1C4 /* ReadingControllerHelper.m */; };
		D7DFC6D8175F20A80081B1C4 /* Utils.rb in Resources */ = {isa = PBXBuildFile; fileRef = D7DFC6D7175F20A80081B1C4 /* Utils.rb */; };
		D7DFC6D9175F32400081B1C4 /* PreferencesView.xib in Resources */ = {isa = PBXBuildFile; fileRef = D7DFC6DB175F32400081B1C4 /* PreferencesView.xib */; };
		D7DFC6E1175F34DC0081B1C4 /* Localizable.strings in Resources */ = {isa = PBXBuildFile; fileRef = D7DFC6E3175F34DC0081B1C4 /* Localizable.strings */; };
		D7F4411F176094F800B70026 /* ReadAloudApplication.rb in Resources */ = {isa = PBXBuildFile; fileRef = D7F4411E176094F800B70026 /* ReadAloudApplication.rb */; };
		D7F441201760DCBF00B70026 /* SpellCheckerWindow.xib in Resources */ = {isa = PBXBuildFile; fileRef = D7F441221760DCBF00B70026 /* SpellCheckerWindow.xib */; };
/* End PBXBuildFile section */

/* Begin PBXContainerItemProxy section */
		D7DFC689175749990081B1C4 /* PBXContainerItemProxy */ = {
			isa = PBXContainerItemProxy;
			containerPortal = D7DFC679175749990081B1C4 /* Project object */;
			proxyType = 1;
			remoteGlobalIDString = D7DFC680175749990081B1C4;
			remoteInfo = ReadAloud.rb;
		};
/* End PBXContainerItemProxy section */

/* Begin PBXFileReference section */
		D74FFB56175F652E003233C4 /* AppIcon.icns */ = {isa = PBXFileReference; lastKnownFileType = image.icns; name = AppIcon.icns; path = ../AppIcon.icns; sourceTree = "<group>"; };
		D74FFB5C175F7226003233C4 /* SpellCheckerProcess.pdf */ = {isa = PBXFileReference; lastKnownFileType = image.pdf; path = SpellCheckerProcess.pdf; sourceTree = "<group>"; };
		D74FFB5E175F7A2C003233C4 /* SpellCheckerWindowController.rb */ = {isa = PBXFileReference; fileEncoding = 4; lastKnownFileType = text.script.ruby; path = SpellCheckerWindowController.rb; sourceTree = "<group>"; };
		D74FFB60175F8127003233C4 /* SpellCheckerProcessAlternate.pdf */ = {isa = PBXFileReference; lastKnownFileType = image.pdf; path = SpellCheckerProcessAlternate.pdf; sourceTree = "<group>"; };
		D7DFC681175749990081B1C4 /* ReadAloud.app */ = {isa = PBXFileReference; explicitFileType = wrapper.application; includeInIndex = 0; path = ReadAloud.app; sourceTree = BUILT_PRODUCTS_DIR; };
		D7DFC684175749990081B1C4 /* Cocoa.framework */ = {isa = PBXFileReference; lastKnownFileType = wrapper.framework; name = Cocoa.framework; path = System/Library/Frameworks/Cocoa.framework; sourceTree = SDKROOT; };
		D7DFC686175749990081B1C4 /* MacRuby.framework */ = {isa = PBXFileReference; lastKnownFileType = wrapper.framework; name = MacRuby.framework; path = Library/Frameworks/MacRuby.framework; sourceTree = DEVELOPER_DIR; };
		D7DFC68D175749990081B1C4 /* ReadAloud-Info.plist */ = {isa = PBXFileReference; lastKnownFileType = text.plist.xml; path = "ReadAloud-Info.plist"; sourceTree = "<group>"; };
		D7DFC68F175749990081B1C4 /* en */ = {isa = PBXFileReference; lastKnownFileType = text.plist.strings; name = en; path = en.lproj/InfoPlist.strings; sourceTree = "<group>"; };
		D7DFC691175749990081B1C4 /* main.m */ = {isa = PBXFileReference; lastKnownFileType = sourcecode.c.objc; path = main.m; sourceTree = "<group>"; };
		D7DFC693175749990081B1C4 /* ReadAloud-Prefix.pch */ = {isa = PBXFileReference; lastKnownFileType = sourcecode.c.h; path = "ReadAloud-Prefix.pch"; sourceTree = "<group>"; };
		D7DFC696175749990081B1C4 /* en */ = {isa = PBXFileReference; lastKnownFileType = file.xib; name = en; path = en.lproj/MainMenu.xib; sourceTree = "<group>"; };
		D7DFC699175749990081B1C4 /* rb_main.rb */ = {isa = PBXFileReference; lastKnownFileType = text.script.ruby; path = rb_main.rb; sourceTree = "<group>"; };
		D7DFC69B175749990081B1C4 /* AppDelegate.rb */ = {isa = PBXFileReference; lastKnownFileType = text.script.ruby; path = AppDelegate.rb; sourceTree = "<group>"; };
		D7DFC6A91757795F0081B1C4 /* ReadingController.rb */ = {isa = PBXFileReference; fileEncoding = 4; lastKnownFileType = text.script.ruby; path = ReadingController.rb; sourceTree = "<group>"; };
		D7DFC6B11758A5180081B1C4 /* StatusBarIcon.pdf */ = {isa = PBXFileReference; lastKnownFileType = image.pdf; path = StatusBarIcon.pdf; sourceTree = "<group>"; };
		D7DFC6B31758AAB30081B1C4 /* StatusBarIcon-Alternate.pdf */ = {isa = PBXFileReference; lastKnownFileType = image.pdf; path = "StatusBarIcon-Alternate.pdf"; sourceTree = "<group>"; };
		D7DFC6B71758CD470081B1C4 /* PreferencesViewController.rb */ = {isa = PBXFileReference; fileEncoding = 4; lastKnownFileType = text.script.ruby; path = PreferencesViewController.rb; sourceTree = "<group>"; };
		D7DFC6B9175C8D800081B1C4 /* PopupCloseButton.pdf */ = {isa = PBXFileReference; lastKnownFileType = image.pdf; path = PopupCloseButton.pdf; sourceTree = "<group>"; };
		D7DFC6BE175C98200081B1C4 /* MASShortcut.h */ = {isa = PBXFileReference; fileEncoding = 4; lastKnownFileType = sourcecode.c.h; name = MASShortcut.h; path = Libraries/MASShortcut/MASShortcut.h; sourceTree = "<group>"; };
		D7DFC6BF175C98200081B1C4 /* MASShortcut.m */ = {isa = PBXFileReference; fileEncoding = 4; lastKnownFileType = sourcecode.c.objc; name = MASShortcut.m; path = Libraries/MASShortcut/MASShortcut.m; sourceTree = "<group>"; };
		D7DFC6C0175C98200081B1C4 /* MASShortcut+Monitoring.h */ = {isa = PBXFileReference; fileEncoding = 4; lastKnownFileType = sourcecode.c.h; name = "MASShortcut+Monitoring.h"; path = "Libraries/MASShortcut/MASShortcut+Monitoring.h"; sourceTree = "<group>"; };
		D7DFC6C1175C98200081B1C4 /* MASShortcut+Monitoring.m */ = {isa = PBXFileReference; fileEncoding = 4; lastKnownFileType = sourcecode.c.objc; name = "MASShortcut+Monitoring.m"; path = "Libraries/MASShortcut/MASShortcut+Monitoring.m"; sourceTree = "<group>"; };
		D7DFC6C2175C98200081B1C4 /* MASShortcut+UserDefaults.h */ = {isa = PBXFileReference; fileEncoding = 4; lastKnownFileType = sourcecode.c.h; name = "MASShortcut+UserDefaults.h"; path = "Libraries/MASShortcut/MASShortcut+UserDefaults.h"; sourceTree = "<group>"; };
		D7DFC6C3175C98200081B1C4 /* MASShortcut+UserDefaults.m */ = {isa = PBXFileReference; fileEncoding = 4; lastKnownFileType = sourcecode.c.objc; name = "MASShortcut+UserDefaults.m"; path = "Libraries/MASShortcut/MASShortcut+UserDefaults.m"; sourceTree = "<group>"; };
		D7DFC6C4175C98200081B1C4 /* MASShortcutView.h */ = {isa = PBXFileReference; fileEncoding = 4; lastKnownFileType = sourcecode.c.h; name = MASShortcutView.h; path = Libraries/MASShortcut/MASShortcutView.h; sourceTree = "<group>"; };
		D7DFC6C5175C98200081B1C4 /* MASShortcutView.m */ = {isa = PBXFileReference; fileEncoding = 4; lastKnownFileType = sourcecode.c.objc; name = MASShortcutView.m; path = Libraries/MASShortcut/MASShortcutView.m; sourceTree = "<group>"; };
		D7DFC6C6175C98200081B1C4 /* MASShortcutView+UserDefaults.h */ = {isa = PBXFileReference; fileEncoding = 4; lastKnownFileType = sourcecode.c.h; name = "MASShortcutView+UserDefaults.h"; path = "Libraries/MASShortcut/MASShortcutView+UserDefaults.h"; sourceTree = "<group>"; };
		D7DFC6C7175C98200081B1C4 /* MASShortcutView+UserDefaults.m */ = {isa = PBXFileReference; fileEncoding = 4; lastKnownFileType = sourcecode.c.objc; name = "MASShortcutView+UserDefaults.m"; path = "Libraries/MASShortcut/MASShortcutView+UserDefaults.m"; sourceTree = "<group>"; };
		D7DFC6C8175C98200081B1C4 /* README.md */ = {isa = PBXFileReference; fileEncoding = 4; lastKnownFileType = text; name = README.md; path = Libraries/MASShortcut/README.md; sourceTree = "<group>"; };
		D7DFC6D0175CB38E0081B1C4 /* Carbon.framework */ = {isa = PBXFileReference; lastKnownFileType = wrapper.framework; name = Carbon.framework; path = System/Library/Frameworks/Carbon.framework; sourceTree = SDKROOT; };
		D7DFC6D4175E131D0081B1C4 /* ReadingControllerHelper.h */ = {isa = PBXFileReference; fileEncoding = 4; lastKnownFileType = sourcecode.c.h; path = ReadingControllerHelper.h; sourceTree = "<group>"; };
		D7DFC6D5175E13A80081B1C4 /* ReadingControllerHelper.m */ = {isa = PBXFileReference; fileEncoding = 4; lastKnownFileType = sourcecode.c.objc; path = ReadingControllerHelper.m; sourceTree = "<group>"; };
		D7DFC6D7175F20A80081B1C4 /* Utils.rb */ = {isa = PBXFileReference; fileEncoding = 4; lastKnownFileType = text.script.ruby; path = Utils.rb; sourceTree = "<group>"; };
		D7DFC6DA175F32400081B1C4 /* en */ = {isa = PBXFileReference; lastKnownFileType = file.xib; name = en; path = en.lproj/PreferencesView.xib; sourceTree = "<group>"; };
		D7DFC6DC175F32800081B1C4 /* fr */ = {isa = PBXFileReference; lastKnownFileType = file.xib; name = fr; path = fr.lproj/MainMenu.xib; sourceTree = "<group>"; };
		D7DFC6DD175F32800081B1C4 /* fr */ = {isa = PBXFileReference; lastKnownFileType = file.xib; name = fr; path = fr.lproj/PreferencesView.xib; sourceTree = "<group>"; };
		D7DFC6DE175F32800081B1C4 /* fr */ = {isa = PBXFileReference; lastKnownFileType = text.plist.strings; name = fr; path = fr.lproj/InfoPlist.strings; sourceTree = "<group>"; };
		D7DFC6E2175F34DC0081B1C4 /* en */ = {isa = PBXFileReference; lastKnownFileType = text.plist.strings; name = en; path = en.lproj/Localizable.strings; sourceTree = "<group>"; };
		D7DFC6E4175F34E30081B1C4 /* fr */ = {isa = PBXFileReference; lastKnownFileType = text.plist.strings; name = fr; path = fr.lproj/Localizable.strings; sourceTree = "<group>"; };
		D7F4411E176094F800B70026 /* ReadAloudApplication.rb */ = {isa = PBXFileReference; fileEncoding = 4; lastKnownFileType = text.script.ruby; path = ReadAloudApplication.rb; sourceTree = "<group>"; };
		D7F441211760DCBF00B70026 /* en */ = {isa = PBXFileReference; lastKnownFileType = file.xib; name = en; path = en.lproj/SpellCheckerWindow.xib; sourceTree = "<group>"; };
		D7F441231760DCCA00B70026 /* fr */ = {isa = PBXFileReference; lastKnownFileType = file.xib; name = fr; path = fr.lproj/SpellCheckerWindow.xib; sourceTree = "<group>"; };
/* End PBXFileReference section */

/* Begin PBXFrameworksBuildPhase section */
		D7DFC67E175749990081B1C4 /* Frameworks */ = {
			isa = PBXFrameworksBuildPhase;
			buildActionMask = 2147483647;
			files = (
				D7DFC6D1175CB38E0081B1C4 /* Carbon.framework in Frameworks */,
				D7DFC685175749990081B1C4 /* Cocoa.framework in Frameworks */,
				D7DFC687175749990081B1C4 /* MacRuby.framework in Frameworks */,
			);
			runOnlyForDeploymentPostprocessing = 0;
		};
/* End PBXFrameworksBuildPhase section */

/* Begin PBXGroup section */
		D7DFC678175749990081B1C4 = {
			isa = PBXGroup;
			children = (
				D7DFC68B175749990081B1C4 /* ReadAloud.rb */,
				D7DFC6BB175C97E20081B1C4 /* Libraries */,
				D7DFC683175749990081B1C4 /* Frameworks */,
				D7DFC682175749990081B1C4 /* Products */,
			);
			sourceTree = "<group>";
		};
		D7DFC682175749990081B1C4 /* Products */ = {
			isa = PBXGroup;
			children = (
				D7DFC681175749990081B1C4 /* ReadAloud.app */,
			);
			name = Products;
			sourceTree = "<group>";
		};
		D7DFC683175749990081B1C4 /* Frameworks */ = {
			isa = PBXGroup;
			children = (
				D7DFC6D0175CB38E0081B1C4 /* Carbon.framework */,
				D7DFC684175749990081B1C4 /* Cocoa.framework */,
				D7DFC686175749990081B1C4 /* MacRuby.framework */,
			);
			name = Frameworks;
			sourceTree = "<group>";
		};
		D7DFC68B175749990081B1C4 /* ReadAloud.rb */ = {
			isa = PBXGroup;
			children = (
				D7DFC69B175749990081B1C4 /* AppDelegate.rb */,
				D7DFC695175749990081B1C4 /* MainMenu.xib */,
				D7DFC6DB175F32400081B1C4 /* PreferencesView.xib */,
				D7DFC6B71758CD470081B1C4 /* PreferencesViewController.rb */,
				D7DFC6A91757795F0081B1C4 /* ReadingController.rb */,
				D7DFC6D4175E131D0081B1C4 /* ReadingControllerHelper.h */,
				D7DFC6D5175E13A80081B1C4 /* ReadingControllerHelper.m */,
				D7F441221760DCBF00B70026 /* SpellCheckerWindow.xib */,
				D74FFB5E175F7A2C003233C4 /* SpellCheckerWindowController.rb */,
				D7DFC694175749990081B1C4 /* Resources */,
				D7DFC698175749990081B1C4 /* Other Sources */,
				D7DFC68C175749990081B1C4 /* Supporting Files */,
			);
			path = ReadAloud.rb;
			sourceTree = "<group>";
		};
		D7DFC68C175749990081B1C4 /* Supporting Files */ = {
			isa = PBXGroup;
			children = (
				D7DFC6E3175F34DC0081B1C4 /* Localizable.strings */,
				D7DFC68D175749990081B1C4 /* ReadAloud-Info.plist */,
				D7DFC68E175749990081B1C4 /* InfoPlist.strings */,
				D7DFC691175749990081B1C4 /* main.m */,
				D7DFC693175749990081B1C4 /* ReadAloud-Prefix.pch */,
			);
			name = "Supporting Files";
			sourceTree = "<group>";
		};
		D7DFC694175749990081B1C4 /* Resources */ = {
			isa = PBXGroup;
			children = (
				D7DFC6AC17589CCF0081B1C4 /* Images */,
			);
			name = Resources;
			sourceTree = "<group>";
		};
		D7DFC698175749990081B1C4 /* Other Sources */ = {
			isa = PBXGroup;
			children = (
				D7F4411E176094F800B70026 /* ReadAloudApplication.rb */,
				D7DFC699175749990081B1C4 /* rb_main.rb */,
				D7DFC6D7175F20A80081B1C4 /* Utils.rb */,
			);
			name = "Other Sources";
			sourceTree = "<group>";
		};
		D7DFC6AC17589CCF0081B1C4 /* Images */ = {
			isa = PBXGroup;
			children = (
				D74FFB60175F8127003233C4 /* SpellCheckerProcessAlternate.pdf */,
				D74FFB5C175F7226003233C4 /* SpellCheckerProcess.pdf */,
				D74FFB56175F652E003233C4 /* AppIcon.icns */,
				D7DFC6B9175C8D800081B1C4 /* PopupCloseButton.pdf */,
				D7DFC6B31758AAB30081B1C4 /* StatusBarIcon-Alternate.pdf */,
				D7DFC6B11758A5180081B1C4 /* StatusBarIcon.pdf */,
			);
			name = Images;
			sourceTree = "<group>";
		};
		D7DFC6BB175C97E20081B1C4 /* Libraries */ = {
			isa = PBXGroup;
			children = (
				D7DFC6BC175C97FA0081B1C4 /* MASShortcut */,
			);
			name = Libraries;
			sourceTree = "<group>";
		};
		D7DFC6BC175C97FA0081B1C4 /* MASShortcut */ = {
			isa = PBXGroup;
			children = (
				D7DFC6BE175C98200081B1C4 /* MASShortcut.h */,
				D7DFC6BF175C98200081B1C4 /* MASShortcut.m */,
				D7DFC6C0175C98200081B1C4 /* MASShortcut+Monitoring.h */,
				D7DFC6C1175C98200081B1C4 /* MASShortcut+Monitoring.m */,
				D7DFC6C2175C98200081B1C4 /* MASShortcut+UserDefaults.h */,
				D7DFC6C3175C98200081B1C4 /* MASShortcut+UserDefaults.m */,
				D7DFC6C4175C98200081B1C4 /* MASShortcutView.h */,
				D7DFC6C5175C98200081B1C4 /* MASShortcutView.m */,
				D7DFC6C6175C98200081B1C4 /* MASShortcutView+UserDefaults.h */,
				D7DFC6C7175C98200081B1C4 /* MASShortcutView+UserDefaults.m */,
				D7DFC6C8175C98200081B1C4 /* README.md */,
			);
			name = MASShortcut;
			sourceTree = "<group>";
		};
/* End PBXGroup section */

/* Begin PBXLegacyTarget section */
		D7DFC688175749990081B1C4 /* Deployment */ = {
			isa = PBXLegacyTarget;
			buildArgumentsString = "--compile --embed";
			buildConfigurationList = D7DFC6A2175749990081B1C4 /* Build configuration list for PBXLegacyTarget "Deployment" */;
			buildPhases = (
			);
			buildToolPath = /usr/local/bin/macruby_deploy;
			dependencies = (
				D7DFC68A175749990081B1C4 /* PBXTargetDependency */,
			);
			name = Deployment;
			passBuildSettingsInEnvironment = 1;
			productName = Deployment;
		};
/* End PBXLegacyTarget section */

/* Begin PBXNativeTarget section */
		D7DFC680175749990081B1C4 /* ReadAloud */ = {
			isa = PBXNativeTarget;
			buildConfigurationList = D7DFC69F175749990081B1C4 /* Build configuration list for PBXNativeTarget "ReadAloud" */;
			buildPhases = (
				D7DFC67D175749990081B1C4 /* Sources */,
				D7DFC67E175749990081B1C4 /* Frameworks */,
				D7DFC67F175749990081B1C4 /* Resources */,
			);
			buildRules = (
			);
			dependencies = (
			);
			name = ReadAloud;
			productName = ReadAloud.rb;
			productReference = D7DFC681175749990081B1C4 /* ReadAloud.app */;
			productType = "com.apple.product-type.application";
		};
/* End PBXNativeTarget section */

/* Begin PBXProject section */
		D7DFC679175749990081B1C4 /* Project object */ = {
			isa = PBXProject;
			attributes = {
				LastUpgradeCheck = 0460;
				ORGANIZATIONNAME = Defitech;
			};
			buildConfigurationList = D7DFC67C175749990081B1C4 /* Build configuration list for PBXProject "ReadAloud" */;
			compatibilityVersion = "Xcode 3.2";
			developmentRegion = English;
			hasScannedForEncodings = 0;
			knownRegions = (
				en,
				fr,
			);
			mainGroup = D7DFC678175749990081B1C4;
			productRefGroup = D7DFC682175749990081B1C4 /* Products */;
			projectDirPath = "";
			projectRoot = "";
			targets = (
				D7DFC680175749990081B1C4 /* ReadAloud */,
				D7DFC688175749990081B1C4 /* Deployment */,
			);
		};
/* End PBXProject section */

/* Begin PBXResourcesBuildPhase section */
		D7DFC67F175749990081B1C4 /* Resources */ = {
			isa = PBXResourcesBuildPhase;
			buildActionMask = 2147483647;
			files = (
				D7DFC690175749990081B1C4 /* InfoPlist.strings in Resources */,
				D7DFC697175749990081B1C4 /* MainMenu.xib in Resources */,
				D7DFC69A175749990081B1C4 /* rb_main.rb in Resources */,
				D7DFC69C175749990081B1C4 /* AppDelegate.rb in Resources */,
				D7DFC6AA1757795F0081B1C4 /* ReadingController.rb in Resources */,
				D7DFC6B21758A5180081B1C4 /* StatusBarIcon.pdf in Resources */,
				D7DFC6B41758AAB30081B1C4 /* StatusBarIcon-Alternate.pdf in Resources */,
				D7DFC6D9175F32400081B1C4 /* PreferencesView.xib in Resources */,
				D7DFC6B81758CD470081B1C4 /* PreferencesViewController.rb in Resources */,
				D7DFC6BA175C8D800081B1C4 /* PopupCloseButton.pdf in Resources */,
				D7DFC6CF175C98200081B1C4 /* README.md in Resources */,
				D7DFC6D8175F20A80081B1C4 /* Utils.rb in Resources */,
				D7DFC6E1175F34DC0081B1C4 /* Localizable.strings in Resources */,
				D74FFB57175F652E003233C4 /* AppIcon.icns in Resources */,
				D7F441201760DCBF00B70026 /* SpellCheckerWindow.xib in Resources */,
				D74FFB5D175F7226003233C4 /* SpellCheckerProcess.pdf in Resources */,
				D74FFB5F175F7A2C003233C4 /* SpellCheckerWindowController.rb in Resources */,
				D74FFB61175F8127003233C4 /* SpellCheckerProcessAlternate.pdf in Resources */,
				D7F4411F176094F800B70026 /* ReadAloudApplication.rb in Resources */,
			);
			runOnlyForDeploymentPostprocessing = 0;
		};
/* End PBXResourcesBuildPhase section */

/* Begin PBXSourcesBuildPhase section */
		D7DFC67D175749990081B1C4 /* Sources */ = {
			isa = PBXSourcesBuildPhase;
			buildActionMask = 2147483647;
			files = (
				D7DFC692175749990081B1C4 /* main.m in Sources */,
				D7DFC6CA175C98200081B1C4 /* MASShortcut.m in Sources */,
				D7DFC6CB175C98200081B1C4 /* MASShortcut+Monitoring.m in Sources */,
				D7DFC6CC175C98200081B1C4 /* MASShortcut+UserDefaults.m in Sources */,
				D7DFC6CD175C98200081B1C4 /* MASShortcutView.m in Sources */,
				D7DFC6CE175C98200081B1C4 /* MASShortcutView+UserDefaults.m in Sources */,
				D7DFC6D6175E13A80081B1C4 /* ReadingControllerHelper.m in Sources */,
			);
			runOnlyForDeploymentPostprocessing = 0;
		};
/* End PBXSourcesBuildPhase section */

/* Begin PBXTargetDependency section */
		D7DFC68A175749990081B1C4 /* PBXTargetDependency */ = {
			isa = PBXTargetDependency;
			target = D7DFC680175749990081B1C4 /* ReadAloud */;
			targetProxy = D7DFC689175749990081B1C4 /* PBXContainerItemProxy */;
		};
/* End PBXTargetDependency section */

/* Begin PBXVariantGroup section */
		D7DFC68E175749990081B1C4 /* InfoPlist.strings */ = {
			isa = PBXVariantGroup;
			children = (
				D7DFC68F175749990081B1C4 /* en */,
				D7DFC6DE175F32800081B1C4 /* fr */,
			);
			name = InfoPlist.strings;
			sourceTree = "<group>";
		};
		D7DFC695175749990081B1C4 /* MainMenu.xib */ = {
			isa = PBXVariantGroup;
			children = (
				D7DFC696175749990081B1C4 /* en */,
				D7DFC6DC175F32800081B1C4 /* fr */,
			);
			name = MainMenu.xib;
			sourceTree = "<group>";
		};
		D7DFC6DB175F32400081B1C4 /* PreferencesView.xib */ = {
			isa = PBXVariantGroup;
			children = (
				D7DFC6DA175F32400081B1C4 /* en */,
				D7DFC6DD175F32800081B1C4 /* fr */,
			);
			name = PreferencesView.xib;
			sourceTree = "<group>";
		};
		D7DFC6E3175F34DC0081B1C4 /* Localizable.strings */ = {
			isa = PBXVariantGroup;
			children = (
				D7DFC6E2175F34DC0081B1C4 /* en */,
				D7DFC6E4175F34E30081B1C4 /* fr */,
			);
			name = Localizable.strings;
			sourceTree = "<group>";
		};
		D7F441221760DCBF00B70026 /* SpellCheckerWindow.xib */ = {
			isa = PBXVariantGroup;
			children = (
				D7F441211760DCBF00B70026 /* en */,
				D7F441231760DCCA00B70026 /* fr */,
			);
			name = SpellCheckerWindow.xib;
			sourceTree = "<group>";
		};
/* End PBXVariantGroup section */

/* Begin XCBuildConfiguration section */
		D7DFC69D175749990081B1C4 /* Debug */ = {
			isa = XCBuildConfiguration;
			buildSettings = {
				ALWAYS_SEARCH_USER_PATHS = NO;
				ARCHS = "$(ARCHS_STANDARD_64_BIT)";
				CLANG_CXX_LANGUAGE_STANDARD = "gnu++0x";
				CLANG_CXX_LIBRARY = "libc++";
				CLANG_WARN_CONSTANT_CONVERSION = YES;
				CLANG_WARN_EMPTY_BODY = YES;
				CLANG_WARN_ENUM_CONVERSION = YES;
				CLANG_WARN_INT_CONVERSION = YES;
				CLANG_WARN__DUPLICATE_METHOD_MATCH = YES;
				COPY_PHASE_STRIP = NO;
				GCC_C_LANGUAGE_STANDARD = gnu99;
				GCC_DYNAMIC_NO_PIC = NO;
				GCC_ENABLE_OBJC_EXCEPTIONS = YES;
				GCC_OPTIMIZATION_LEVEL = 0;
				GCC_PREPROCESSOR_DEFINITIONS = (
					"DEBUG=1",
					"$(inherited)",
				);
				GCC_SYMBOLS_PRIVATE_EXTERN = NO;
				GCC_WARN_64_TO_32_BIT_CONVERSION = YES;
				GCC_WARN_ABOUT_RETURN_TYPE = YES;
				GCC_WARN_UNINITIALIZED_AUTOS = YES;
				GCC_WARN_UNUSED_VARIABLE = YES;
				MACOSX_DEPLOYMENT_TARGET = 10.6;
				ONLY_ACTIVE_ARCH = YES;
				SDKROOT = macosx;
			};
			name = Debug;
		};
		D7DFC69E175749990081B1C4 /* Release */ = {
			isa = XCBuildConfiguration;
			buildSettings = {
				ALWAYS_SEARCH_USER_PATHS = NO;
				ARCHS = "$(ARCHS_STANDARD_64_BIT)";
				CLANG_CXX_LANGUAGE_STANDARD = "gnu++0x";
				CLANG_CXX_LIBRARY = "libc++";
				CLANG_WARN_CONSTANT_CONVERSION = YES;
				CLANG_WARN_EMPTY_BODY = YES;
				CLANG_WARN_ENUM_CONVERSION = YES;
				CLANG_WARN_INT_CONVERSION = YES;
				CLANG_WARN__DUPLICATE_METHOD_MATCH = YES;
				COPY_PHASE_STRIP = YES;
				DEBUG_INFORMATION_FORMAT = "dwarf-with-dsym";
				GCC_C_LANGUAGE_STANDARD = gnu99;
				GCC_ENABLE_OBJC_EXCEPTIONS = YES;
				GCC_WARN_64_TO_32_BIT_CONVERSION = YES;
				GCC_WARN_ABOUT_RETURN_TYPE = YES;
				GCC_WARN_UNINITIALIZED_AUTOS = YES;
				GCC_WARN_UNUSED_VARIABLE = YES;
				MACOSX_DEPLOYMENT_TARGET = 10.6;
				SDKROOT = macosx;
			};
			name = Release;
		};
		D7DFC6A0175749990081B1C4 /* Debug */ = {
			isa = XCBuildConfiguration;
			buildSettings = {
				ARCHS = x86_64;
				FRAMEWORK_SEARCH_PATHS = (
					"\"/Library/Frameworks\"",
					"\"$(SYSTEM_APPS_DIR)/Xcode.app/Contents/Developer/Library/Frameworks\"",
				);
				GCC_ENABLE_OBJC_GC = required;
				GCC_PRECOMPILE_PREFIX_HEADER = YES;
				GCC_PREFIX_HEADER = "ReadAloud.rb/ReadAloud-Prefix.pch";
				INFOPLIST_FILE = "ReadAloud.rb/ReadAloud-Info.plist";
				PRODUCT_NAME = ReadAloud;
				WRAPPER_EXTENSION = app;
			};
			name = Debug;
		};
		D7DFC6A1175749990081B1C4 /* Release */ = {
			isa = XCBuildConfiguration;
			buildSettings = {
				ARCHS = x86_64;
				FRAMEWORK_SEARCH_PATHS = (
					"\"/Library/Frameworks\"",
					"\"$(SYSTEM_APPS_DIR)/Xcode.app/Contents/Developer/Library/Frameworks\"",
				);
				GCC_ENABLE_OBJC_GC = required;
				GCC_PRECOMPILE_PREFIX_HEADER = YES;
				GCC_PREFIX_HEADER = "ReadAloud.rb/ReadAloud-Prefix.pch";
				INFOPLIST_FILE = "ReadAloud.rb/ReadAloud-Info.plist";
				PRODUCT_NAME = ReadAloud;
				WRAPPER_EXTENSION = app;
			};
			name = Release;
		};
		D7DFC6A3175749990081B1C4 /* Debug */ = {
			isa = XCBuildConfiguration;
			buildSettings = {
			};
			name = Debug;
		};
		D7DFC6A4175749990081B1C4 /* Release */ = {
			isa = XCBuildConfiguration;
			buildSettings = {
			};
			name = Release;
		};
/* End XCBuildConfiguration section */

/* Begin XCConfigurationList section */
		D7DFC67C175749990081B1C4 /* Build configuration list for PBXProject "ReadAloud" */ = {
			isa = XCConfigurationList;
			buildConfigurations = (
				D7DFC69D175749990081B1C4 /* Debug */,
				D7DFC69E175749990081B1C4 /* Release */,
			);
			defaultConfigurationIsVisible = 0;
			defaultConfigurationName = Release;
		};
		D7DFC69F175749990081B1C4 /* Build configuration list for PBXNativeTarget "ReadAloud" */ = {
			isa = XCConfigurationList;
			buildConfigurations = (
				D7DFC6A0175749990081B1C4 /* Debug */,
				D7DFC6A1175749990081B1C4 /* Release */,
			);
			defaultConfigurationIsVisible = 0;
			defaultConfigurationName = Release;
		};
		D7DFC6A2175749990081B1C4 /* Build configuration list for PBXLegacyTarget "Deployment" */ = {
			isa = XCConfigurationList;
			buildConfigurations = (
				D7DFC6A3175749990081B1C4 /* Debug */,
				D7DFC6A4175749990081B1C4 /* Release */,
			);
			defaultConfigurationIsVisible = 0;
			defaultConfigurationName = Release;
		};
/* End XCConfigurationList section */
	};
	rootObject = D7DFC679175749990081B1C4 /* Project object */;
}
