// !$*UTF8*$!
{
	archiveVersion = 1;
	classes = {
	};
	objectVersion = 46;
	objects = {

/* Begin PBXBuildFile section */
		D7DFC685175749990081B1C4 /* Cocoa.framework in Frameworks */ = {isa = PBXBuildFile; fileRef = D7DFC684175749990081B1C4 /* Cocoa.framework */; };
		D7DFC687175749990081B1C4 /* MacRuby.framework in Frameworks */ = {isa = PBXBuildFile; fileRef = D7DFC686175749990081B1C4 /* MacRuby.framework */; };
		D7DFC690175749990081B1C4 /* InfoPlist.strings in Resources */ = {isa = PBXBuildFile; fileRef = D7DFC68E175749990081B1C4 /* InfoPlist.strings */; };
		D7DFC692175749990081B1C4 /* main.m in Sources */ = {isa = PBXBuildFile; fileRef = D7DFC691175749990081B1C4 /* main.m */; };
		D7DFC697175749990081B1C4 /* MainMenu.xib in Resources */ = {isa = PBXBuildFile; fileRef = D7DFC695175749990081B1C4 /* MainMenu.xib */; };
		D7DFC69A175749990081B1C4 /* rb_main.rb in Resources */ = {isa = PBXBuildFile; fileRef = D7DFC699175749990081B1C4 /* rb_main.rb */; };
		D7DFC69C175749990081B1C4 /* AppDelegate.rb in Resources */ = {isa = PBXBuildFile; fileRef = D7DFC69B175749990081B1C4 /* AppDelegate.rb */; };
		D7DFC6A6175753810081B1C4 /* PreferencesWindow.xib in Resources */ = {isa = PBXBuildFile; fileRef = D7DFC6A5175753810081B1C4 /* PreferencesWindow.xib */; };
		D7DFC6A8175753E30081B1C4 /* PreferencesWindowController.rb in Resources */ = {isa = PBXBuildFile; fileRef = D7DFC6A7175753E30081B1C4 /* PreferencesWindowController.rb */; };
		D7DFC6AA1757795F0081B1C4 /* ReadingController.rb in Resources */ = {isa = PBXBuildFile; fileRef = D7DFC6A91757795F0081B1C4 /* ReadingController.rb */; };
		D7DFC6B21758A5180081B1C4 /* StatusBarIcon.pdf in Resources */ = {isa = PBXBuildFile; fileRef = D7DFC6B11758A5180081B1C4 /* StatusBarIcon.pdf */; };
		D7DFC6B41758AAB30081B1C4 /* StatusBarIcon-Alternate.pdf in Resources */ = {isa = PBXBuildFile; fileRef = D7DFC6B31758AAB30081B1C4 /* StatusBarIcon-Alternate.pdf */; };
/* End PBXBuildFile section */

/* Begin PBXContainerItemProxy section */
		D7DFC689175749990081B1C4 /* PBXContainerItemProxy */ = {
			isa = PBXContainerItemProxy;
			containerPortal = D7DFC679175749990081B1C4 /* Project object */;
			proxyType = 1;
			remoteGlobalIDString = D7DFC680175749990081B1C4;
			remoteInfo = ReadAloud.rb;
		};
/* End PBXContainerItemProxy section */

/* Begin PBXFileReference section */
		D7DFC681175749990081B1C4 /* ReadAloud.rb.app */ = {isa = PBXFileReference; explicitFileType = wrapper.application; includeInIndex = 0; path = ReadAloud.rb.app; sourceTree = BUILT_PRODUCTS_DIR; };
		D7DFC684175749990081B1C4 /* Cocoa.framework */ = {isa = PBXFileReference; lastKnownFileType = wrapper.framework; name = Cocoa.framework; path = System/Library/Frameworks/Cocoa.framework; sourceTree = SDKROOT; };
		D7DFC686175749990081B1C4 /* MacRuby.framework */ = {isa = PBXFileReference; lastKnownFileType = wrapper.framework; name = MacRuby.framework; path = Library/Frameworks/MacRuby.framework; sourceTree = DEVELOPER_DIR; };
		D7DFC68D175749990081B1C4 /* ReadAloud.rb-Info.plist */ = {isa = PBXFileReference; lastKnownFileType = text.plist.xml; path = "ReadAloud.rb-Info.plist"; sourceTree = "<group>"; };
		D7DFC68F175749990081B1C4 /* en */ = {isa = PBXFileReference; lastKnownFileType = text.plist.strings; name = en; path = en.lproj/InfoPlist.strings; sourceTree = "<group>"; };
		D7DFC691175749990081B1C4 /* main.m */ = {isa = PBXFileReference; lastKnownFileType = sourcecode.c.objc; path = main.m; sourceTree = "<group>"; };
		D7DFC693175749990081B1C4 /* ReadAloud.rb-Prefix.pch */ = {isa = PBXFileReference; lastKnownFileType = sourcecode.c.h; path = "ReadAloud.rb-Prefix.pch"; sourceTree = "<group>"; };
		D7DFC696175749990081B1C4 /* en */ = {isa = PBXFileReference; lastKnownFileType = file.xib; name = en; path = en.lproj/MainMenu.xib; sourceTree = "<group>"; };
		D7DFC699175749990081B1C4 /* rb_main.rb */ = {isa = PBXFileReference; lastKnownFileType = text.script.ruby; path = rb_main.rb; sourceTree = "<group>"; };
		D7DFC69B175749990081B1C4 /* AppDelegate.rb */ = {isa = PBXFileReference; lastKnownFileType = text.script.ruby; path = AppDelegate.rb; sourceTree = "<group>"; };
		D7DFC6A5175753810081B1C4 /* PreferencesWindow.xib */ = {isa = PBXFileReference; fileEncoding = 4; lastKnownFileType = file.xib; path = PreferencesWindow.xib; sourceTree = "<group>"; };
		D7DFC6A7175753E30081B1C4 /* PreferencesWindowController.rb */ = {isa = PBXFileReference; fileEncoding = 4; lastKnownFileType = text.script.ruby; path = PreferencesWindowController.rb; sourceTree = "<group>"; };
		D7DFC6A91757795F0081B1C4 /* ReadingController.rb */ = {isa = PBXFileReference; fileEncoding = 4; lastKnownFileType = text.script.ruby; path = ReadingController.rb; sourceTree = "<group>"; };
		D7DFC6B11758A5180081B1C4 /* StatusBarIcon.pdf */ = {isa = PBXFileReference; lastKnownFileType = image.pdf; path = StatusBarIcon.pdf; sourceTree = "<group>"; };
		D7DFC6B31758AAB30081B1C4 /* StatusBarIcon-Alternate.pdf */ = {isa = PBXFileReference; lastKnownFileType = image.pdf; path = "StatusBarIcon-Alternate.pdf"; sourceTree = "<group>"; };
/* End PBXFileReference section */

/* Begin PBXFrameworksBuildPhase section */
		D7DFC67E175749990081B1C4 /* Frameworks */ = {
			isa = PBXFrameworksBuildPhase;
			buildActionMask = 2147483647;
			files = (
				D7DFC685175749990081B1C4 /* Cocoa.framework in Frameworks */,
				D7DFC687175749990081B1C4 /* MacRuby.framework in Frameworks */,
			);
			runOnlyForDeploymentPostprocessing = 0;
		};
/* End PBXFrameworksBuildPhase section */

/* Begin PBXGroup section */
		D7DFC678175749990081B1C4 = {
			isa = PBXGroup;
			children = (
				D7DFC68B175749990081B1C4 /* ReadAloud.rb */,
				D7DFC683175749990081B1C4 /* Frameworks */,
				D7DFC682175749990081B1C4 /* Products */,
			);
			sourceTree = "<group>";
		};
		D7DFC682175749990081B1C4 /* Products */ = {
			isa = PBXGroup;
			children = (
				D7DFC681175749990081B1C4 /* ReadAloud.rb.app */,
			);
			name = Products;
			sourceTree = "<group>";
		};
		D7DFC683175749990081B1C4 /* Frameworks */ = {
			isa = PBXGroup;
			children = (
				D7DFC684175749990081B1C4 /* Cocoa.framework */,
				D7DFC686175749990081B1C4 /* MacRuby.framework */,
			);
			name = Frameworks;
			sourceTree = "<group>";
		};
		D7DFC68B175749990081B1C4 /* ReadAloud.rb */ = {
			isa = PBXGroup;
			children = (
				D7DFC69B175749990081B1C4 /* AppDelegate.rb */,
				D7DFC6A7175753E30081B1C4 /* PreferencesWindowController.rb */,
				D7DFC6A5175753810081B1C4 /* PreferencesWindow.xib */,
				D7DFC6A91757795F0081B1C4 /* ReadingController.rb */,
				D7DFC694175749990081B1C4 /* Resources */,
				D7DFC698175749990081B1C4 /* Other Sources */,
				D7DFC68C175749990081B1C4 /* Supporting Files */,
			);
			path = ReadAloud.rb;
			sourceTree = "<group>";
		};
		D7DFC68C175749990081B1C4 /* Supporting Files */ = {
			isa = PBXGroup;
			children = (
				D7DFC68D175749990081B1C4 /* ReadAloud.rb-Info.plist */,
				D7DFC68E175749990081B1C4 /* InfoPlist.strings */,
				D7DFC691175749990081B1C4 /* main.m */,
				D7DFC693175749990081B1C4 /* ReadAloud.rb-Prefix.pch */,
			);
			name = "Supporting Files";
			sourceTree = "<group>";
		};
		D7DFC694175749990081B1C4 /* Resources */ = {
			isa = PBXGroup;
			children = (
				D7DFC6AC17589CCF0081B1C4 /* Images */,
				D7DFC695175749990081B1C4 /* MainMenu.xib */,
			);
			name = Resources;
			sourceTree = "<group>";
		};
		D7DFC698175749990081B1C4 /* Other Sources */ = {
			isa = PBXGroup;
			children = (
				D7DFC699175749990081B1C4 /* rb_main.rb */,
			);
			name = "Other Sources";
			sourceTree = "<group>";
		};
		D7DFC6AC17589CCF0081B1C4 /* Images */ = {
			isa = PBXGroup;
			children = (
				D7DFC6B31758AAB30081B1C4 /* StatusBarIcon-Alternate.pdf */,
				D7DFC6B11758A5180081B1C4 /* StatusBarIcon.pdf */,
			);
			name = Images;
			sourceTree = "<group>";
		};
/* End PBXGroup section */

/* Begin PBXLegacyTarget section */
		D7DFC688175749990081B1C4 /* Deployment */ = {
			isa = PBXLegacyTarget;
			buildArgumentsString = "--compile --embed";
			buildConfigurationList = D7DFC6A2175749990081B1C4 /* Build configuration list for PBXLegacyTarget "Deployment" */;
			buildPhases = (
			);
			buildToolPath = /usr/local/bin/macruby_deploy;
			dependencies = (
				D7DFC68A175749990081B1C4 /* PBXTargetDependency */,
			);
			name = Deployment;
			passBuildSettingsInEnvironment = 1;
			productName = Deployment;
		};
/* End PBXLegacyTarget section */

/* Begin PBXNativeTarget section */
		D7DFC680175749990081B1C4 /* ReadAloud.rb */ = {
			isa = PBXNativeTarget;
			buildConfigurationList = D7DFC69F175749990081B1C4 /* Build configuration list for PBXNativeTarget "ReadAloud.rb" */;
			buildPhases = (
				D7DFC67D175749990081B1C4 /* Sources */,
				D7DFC67E175749990081B1C4 /* Frameworks */,
				D7DFC67F175749990081B1C4 /* Resources */,
			);
			buildRules = (
			);
			dependencies = (
			);
			name = ReadAloud.rb;
			productName = ReadAloud.rb;
			productReference = D7DFC681175749990081B1C4 /* ReadAloud.rb.app */;
			productType = "com.apple.product-type.application";
		};
/* End PBXNativeTarget section */

/* Begin PBXProject section */
		D7DFC679175749990081B1C4 /* Project object */ = {
			isa = PBXProject;
			attributes = {
				LastUpgradeCheck = 0460;
				ORGANIZATIONNAME = Defitech;
			};
			buildConfigurationList = D7DFC67C175749990081B1C4 /* Build configuration list for PBXProject "ReadAloud.rb" */;
			compatibilityVersion = "Xcode 3.2";
			developmentRegion = English;
			hasScannedForEncodings = 0;
			knownRegions = (
				en,
			);
			mainGroup = D7DFC678175749990081B1C4;
			productRefGroup = D7DFC682175749990081B1C4 /* Products */;
			projectDirPath = "";
			projectRoot = "";
			targets = (
				D7DFC680175749990081B1C4 /* ReadAloud.rb */,
				D7DFC688175749990081B1C4 /* Deployment */,
			);
		};
/* End PBXProject section */

/* Begin PBXResourcesBuildPhase section */
		D7DFC67F175749990081B1C4 /* Resources */ = {
			isa = PBXResourcesBuildPhase;
			buildActionMask = 2147483647;
			files = (
				D7DFC690175749990081B1C4 /* InfoPlist.strings in Resources */,
				D7DFC697175749990081B1C4 /* MainMenu.xib in Resources */,
				D7DFC69A175749990081B1C4 /* rb_main.rb in Resources */,
				D7DFC69C175749990081B1C4 /* AppDelegate.rb in Resources */,
				D7DFC6A6175753810081B1C4 /* PreferencesWindow.xib in Resources */,
				D7DFC6A8175753E30081B1C4 /* PreferencesWindowController.rb in Resources */,
				D7DFC6AA1757795F0081B1C4 /* ReadingController.rb in Resources */,
				D7DFC6B21758A5180081B1C4 /* StatusBarIcon.pdf in Resources */,
				D7DFC6B41758AAB30081B1C4 /* StatusBarIcon-Alternate.pdf in Resources */,
			);
			runOnlyForDeploymentPostprocessing = 0;
		};
/* End PBXResourcesBuildPhase section */

/* Begin PBXSourcesBuildPhase section */
		D7DFC67D175749990081B1C4 /* Sources */ = {
			isa = PBXSourcesBuildPhase;
			buildActionMask = 2147483647;
			files = (
				D7DFC692175749990081B1C4 /* main.m in Sources */,
			);
			runOnlyForDeploymentPostprocessing = 0;
		};
/* End PBXSourcesBuildPhase section */

/* Begin PBXTargetDependency section */
		D7DFC68A175749990081B1C4 /* PBXTargetDependency */ = {
			isa = PBXTargetDependency;
			target = D7DFC680175749990081B1C4 /* ReadAloud.rb */;
			targetProxy = D7DFC689175749990081B1C4 /* PBXContainerItemProxy */;
		};
/* End PBXTargetDependency section */

/* Begin PBXVariantGroup section */
		D7DFC68E175749990081B1C4 /* InfoPlist.strings */ = {
			isa = PBXVariantGroup;
			children = (
				D7DFC68F175749990081B1C4 /* en */,
			);
			name = InfoPlist.strings;
			sourceTree = "<group>";
		};
		D7DFC695175749990081B1C4 /* MainMenu.xib */ = {
			isa = PBXVariantGroup;
			children = (
				D7DFC696175749990081B1C4 /* en */,
			);
			name = MainMenu.xib;
			sourceTree = "<group>";
		};
/* End PBXVariantGroup section */

/* Begin XCBuildConfiguration section */
		D7DFC69D175749990081B1C4 /* Debug */ = {
			isa = XCBuildConfiguration;
			buildSettings = {
				ALWAYS_SEARCH_USER_PATHS = NO;
				ARCHS = "$(ARCHS_STANDARD_64_BIT)";
				CLANG_CXX_LANGUAGE_STANDARD = "gnu++0x";
				CLANG_CXX_LIBRARY = "libc++";
				CLANG_WARN_CONSTANT_CONVERSION = YES;
				CLANG_WARN_EMPTY_BODY = YES;
				CLANG_WARN_ENUM_CONVERSION = YES;
				CLANG_WARN_INT_CONVERSION = YES;
				CLANG_WARN__DUPLICATE_METHOD_MATCH = YES;
				COPY_PHASE_STRIP = NO;
				GCC_C_LANGUAGE_STANDARD = gnu99;
				GCC_DYNAMIC_NO_PIC = NO;
				GCC_ENABLE_OBJC_EXCEPTIONS = YES;
				GCC_OPTIMIZATION_LEVEL = 0;
				GCC_PREPROCESSOR_DEFINITIONS = (
					"DEBUG=1",
					"$(inherited)",
				);
				GCC_SYMBOLS_PRIVATE_EXTERN = NO;
				GCC_WARN_64_TO_32_BIT_CONVERSION = YES;
				GCC_WARN_ABOUT_RETURN_TYPE = YES;
				GCC_WARN_UNINITIALIZED_AUTOS = YES;
				GCC_WARN_UNUSED_VARIABLE = YES;
				MACOSX_DEPLOYMENT_TARGET = 10.8;
				ONLY_ACTIVE_ARCH = YES;
				SDKROOT = macosx;
			};
			name = Debug;
		};
		D7DFC69E175749990081B1C4 /* Release */ = {
			isa = XCBuildConfiguration;
			buildSettings = {
				ALWAYS_SEARCH_USER_PATHS = NO;
				ARCHS = "$(ARCHS_STANDARD_64_BIT)";
				CLANG_CXX_LANGUAGE_STANDARD = "gnu++0x";
				CLANG_CXX_LIBRARY = "libc++";
				CLANG_WARN_CONSTANT_CONVERSION = YES;
				CLANG_WARN_EMPTY_BODY = YES;
				CLANG_WARN_ENUM_CONVERSION = YES;
				CLANG_WARN_INT_CONVERSION = YES;
				CLANG_WARN__DUPLICATE_METHOD_MATCH = YES;
				COPY_PHASE_STRIP = YES;
				DEBUG_INFORMATION_FORMAT = "dwarf-with-dsym";
				GCC_C_LANGUAGE_STANDARD = gnu99;
				GCC_ENABLE_OBJC_EXCEPTIONS = YES;
				GCC_WARN_64_TO_32_BIT_CONVERSION = YES;
				GCC_WARN_ABOUT_RETURN_TYPE = YES;
				GCC_WARN_UNINITIALIZED_AUTOS = YES;
				GCC_WARN_UNUSED_VARIABLE = YES;
				MACOSX_DEPLOYMENT_TARGET = 10.8;
				SDKROOT = macosx;
			};
			name = Release;
		};
		D7DFC6A0175749990081B1C4 /* Debug */ = {
			isa = XCBuildConfiguration;
			buildSettings = {
				ARCHS = x86_64;
				FRAMEWORK_SEARCH_PATHS = (
					"\"/Library/Frameworks\"",
					"\"$(SYSTEM_APPS_DIR)/Xcode.app/Contents/Developer/Library/Frameworks\"",
				);
				GCC_ENABLE_OBJC_GC = required;
				GCC_PRECOMPILE_PREFIX_HEADER = YES;
				GCC_PREFIX_HEADER = "ReadAloud.rb/ReadAloud.rb-Prefix.pch";
				INFOPLIST_FILE = "ReadAloud.rb/ReadAloud.rb-Info.plist";
				PRODUCT_NAME = "$(TARGET_NAME)";
				WRAPPER_EXTENSION = app;
			};
			name = Debug;
		};
		D7DFC6A1175749990081B1C4 /* Release */ = {
			isa = XCBuildConfiguration;
			buildSettings = {
				ARCHS = x86_64;
				FRAMEWORK_SEARCH_PATHS = (
					"\"/Library/Frameworks\"",
					"\"$(SYSTEM_APPS_DIR)/Xcode.app/Contents/Developer/Library/Frameworks\"",
				);
				GCC_ENABLE_OBJC_GC = required;
				GCC_PRECOMPILE_PREFIX_HEADER = YES;
				GCC_PREFIX_HEADER = "ReadAloud.rb/ReadAloud.rb-Prefix.pch";
				INFOPLIST_FILE = "ReadAloud.rb/ReadAloud.rb-Info.plist";
				PRODUCT_NAME = "$(TARGET_NAME)";
				WRAPPER_EXTENSION = app;
			};
			name = Release;
		};
		D7DFC6A3175749990081B1C4 /* Debug */ = {
			isa = XCBuildConfiguration;
			buildSettings = {
			};
			name = Debug;
		};
		D7DFC6A4175749990081B1C4 /* Release */ = {
			isa = XCBuildConfiguration;
			buildSettings = {
			};
			name = Release;
		};
/* End XCBuildConfiguration section */

/* Begin XCConfigurationList section */
		D7DFC67C175749990081B1C4 /* Build configuration list for PBXProject "ReadAloud.rb" */ = {
			isa = XCConfigurationList;
			buildConfigurations = (
				D7DFC69D175749990081B1C4 /* Debug */,
				D7DFC69E175749990081B1C4 /* Release */,
			);
			defaultConfigurationIsVisible = 0;
			defaultConfigurationName = Release;
		};
		D7DFC69F175749990081B1C4 /* Build configuration list for PBXNativeTarget "ReadAloud.rb" */ = {
			isa = XCConfigurationList;
			buildConfigurations = (
				D7DFC6A0175749990081B1C4 /* Debug */,
				D7DFC6A1175749990081B1C4 /* Release */,
			);
			defaultConfigurationIsVisible = 0;
		};
		D7DFC6A2175749990081B1C4 /* Build configuration list for PBXLegacyTarget "Deployment" */ = {
			isa = XCConfigurationList;
			buildConfigurations = (
				D7DFC6A3175749990081B1C4 /* Debug */,
				D7DFC6A4175749990081B1C4 /* Release */,
			);
			defaultConfigurationIsVisible = 0;
		};
/* End XCConfigurationList section */
	};
	rootObject = D7DFC679175749990081B1C4 /* Project object */;
}
